
Microsoft Visual Studio Solution File, Format Version 12.00
# Visual Studio 2013
VisualStudioVersion = 12.0.40629.0
MinimumVisualStudioVersion = 10.0.40219.1
Project("{FAE04EC0-301F-11D3-BF4B-00C04F79EFBC}") = "PriceStockUpdateCrawler", "PriceStockUpdateCrawler\PriceStockUpdateCrawler.csproj", "{D482B603-F226-4627-95FB-1A0212A516CF}"
EndProject
Project("{FAE04EC0-301F-11D3-BF4B-00C04F79EFBC}") = "PriceStockUpdateCrawler.EF", "PriceStockUpdateCrawler.EF\PriceStockUpdateCrawler.EF.csproj", "{B648521B-9863-43E4-A142-26CCB5A613E6}"
EndProject
Global
	GlobalSection(SolutionConfigurationPlatforms) = preSolution
		Debug|Any CPU = Debug|Any CPU
		Release|Any CPU = Release|Any CPU
	EndGlobalSection
	GlobalSection(ProjectConfigurationPlatforms) = postSolution
		{D482B603-F226-4627-95FB-1A0212A516CF}.Debug|Any CPU.ActiveCfg = Debug|Any CPU
		{D482B603-F226-4627-95FB-1A0212A516CF}.Debug|Any CPU.Build.0 = Debug|Any CPU
		{D482B603-F226-4627-95FB-1A0212A516CF}.Release|Any CPU.ActiveCfg = Release|Any CPU
		{D482B603-F226-4627-95FB-1A0212A516CF}.Release|Any CPU.Build.0 = Release|Any CPU
		{B648521B-9863-43E4-A142-26CCB5A613E6}.Debug|Any CPU.ActiveCfg = Debug|Any CPU
		{B648521B-9863-43E4-A142-26CCB5A613E6}.Debug|Any CPU.Build.0 = Debug|Any CPU
		{B648521B-9863-43E4-A142-26CCB5A613E6}.Release|Any CPU.ActiveCfg = Release|Any CPU
		{B648521B-9863-43E4-A142-26CCB5A613E6}.Release|Any CPU.Build.0 = Release|Any CPU
	EndGlobalSection
	GlobalSection(SolutionProperties) = preSolution
		HideSolutionNode = FALSE
	EndGlobalSection
EndGlobal
